
Microsoft Visual Studio Solution File, Format Version 12.00
# Visual Studio 15
VisualStudioVersion = 15.0.26403.7
MinimumVisualStudioVersion = 10.0.40219.1
Project("{FAE04EC0-301F-11D3-BF4B-00C04F79EFBC}") = "RuhRoh", "RuhRoh\RuhRoh.csproj", "{EEAC6EA2-97F3-4533-A03B-EF971E94CA9D}"
EndProject
Project("{FAE04EC0-301F-11D3-BF4B-00C04F79EFBC}") = "RuhRoh.Tests", "RuhRoh.Tests\RuhRoh.Tests.csproj", "{AAC4E1B1-F9F8-4AA8-B2D1-0E1332C6D0FB}"
EndProject
Global
	GlobalSection(SolutionConfigurationPlatforms) = preSolution
		Debug|Any CPU = Debug|Any CPU
		Release|Any CPU = Release|Any CPU
	EndGlobalSection
	GlobalSection(ProjectConfigurationPlatforms) = postSolution
		{EEAC6EA2-97F3-4533-A03B-EF971E94CA9D}.Debug|Any CPU.ActiveCfg = Debug|Any CPU
		{EEAC6EA2-97F3-4533-A03B-EF971E94CA9D}.Debug|Any CPU.Build.0 = Debug|Any CPU
		{EEAC6EA2-97F3-4533-A03B-EF971E94CA9D}.Release|Any CPU.ActiveCfg = Release|Any CPU
		{EEAC6EA2-97F3-4533-A03B-EF971E94CA9D}.Release|Any CPU.Build.0 = Release|Any CPU
		{AAC4E1B1-F9F8-4AA8-B2D1-0E1332C6D0FB}.Debug|Any CPU.ActiveCfg = Debug|Any CPU
		{AAC4E1B1-F9F8-4AA8-B2D1-0E1332C6D0FB}.Debug|Any CPU.Build.0 = Debug|Any CPU
		{AAC4E1B1-F9F8-4AA8-B2D1-0E1332C6D0FB}.Release|Any CPU.ActiveCfg = Release|Any CPU
		{AAC4E1B1-F9F8-4AA8-B2D1-0E1332C6D0FB}.Release|Any CPU.Build.0 = Release|Any CPU
	EndGlobalSection
	GlobalSection(SolutionProperties) = preSolution
		HideSolutionNode = FALSE
	EndGlobalSection
EndGlobal
