
Microsoft Visual Studio Solution File, Format Version 12.00
# Visual Studio 15
VisualStudioVersion = 15.0.27130.2036
MinimumVisualStudioVersion = 10.0.40219.1
Project("{9A19103F-16F7-4668-BE54-9A1E7A4F7556}") = "RuhRoh", "RuhRoh\RuhRoh.csproj", "{EEAC6EA2-97F3-4533-A03B-EF971E94CA9D}"
EndProject
Project("{9A19103F-16F7-4668-BE54-9A1E7A4F7556}") = "RuhRoh.Tests", "RuhRoh.Tests\RuhRoh.Tests.csproj", "{AAC4E1B1-F9F8-4AA8-B2D1-0E1332C6D0FB}"
EndProject
Project("{9A19103F-16F7-4668-BE54-9A1E7A4F7556}") = "RuhRoh.Abstractions", "RuhRoh.Abstractions\RuhRoh.Abstractions.csproj", "{F046015B-7B06-4F70-B654-F5ED78EF67D1}"
EndProject
Project("{2150E333-8FDC-42A3-9474-1A3956D46DE8}") = "Core", "Core", "{FF70A6FB-FAB2-48D8-98A3-AD5C7AD5D2D4}"
EndProject
Project("{2150E333-8FDC-42A3-9474-1A3956D46DE8}") = "Tests", "Tests", "{62EF1284-52DB-4FC2-9B4B-8C639185518E}"
EndProject
Project("{2150E333-8FDC-42A3-9474-1A3956D46DE8}") = "Samples", "Samples", "{F0A012B2-2205-467E-A3CF-2FEDA38E3227}"
EndProject
Project("{FAE04EC0-301F-11D3-BF4B-00C04F79EFBC}") = "ASP.NET Core Web API", "Samples\ASP.NET Core Web API\ASP.NET Core Web API.csproj", "{53DE94E1-2FCE-4D95-BB1C-000A5C17BFBF}"
EndProject
Global
	GlobalSection(SolutionConfigurationPlatforms) = preSolution
		Debug|Any CPU = Debug|Any CPU
		Release|Any CPU = Release|Any CPU
	EndGlobalSection
	GlobalSection(ProjectConfigurationPlatforms) = postSolution
		{EEAC6EA2-97F3-4533-A03B-EF971E94CA9D}.Debug|Any CPU.ActiveCfg = Debug|Any CPU
		{EEAC6EA2-97F3-4533-A03B-EF971E94CA9D}.Debug|Any CPU.Build.0 = Debug|Any CPU
		{EEAC6EA2-97F3-4533-A03B-EF971E94CA9D}.Release|Any CPU.ActiveCfg = Release|Any CPU
		{EEAC6EA2-97F3-4533-A03B-EF971E94CA9D}.Release|Any CPU.Build.0 = Release|Any CPU
		{AAC4E1B1-F9F8-4AA8-B2D1-0E1332C6D0FB}.Debug|Any CPU.ActiveCfg = Debug|Any CPU
		{AAC4E1B1-F9F8-4AA8-B2D1-0E1332C6D0FB}.Debug|Any CPU.Build.0 = Debug|Any CPU
		{AAC4E1B1-F9F8-4AA8-B2D1-0E1332C6D0FB}.Release|Any CPU.ActiveCfg = Release|Any CPU
		{AAC4E1B1-F9F8-4AA8-B2D1-0E1332C6D0FB}.Release|Any CPU.Build.0 = Release|Any CPU
		{F046015B-7B06-4F70-B654-F5ED78EF67D1}.Debug|Any CPU.ActiveCfg = Debug|Any CPU
		{F046015B-7B06-4F70-B654-F5ED78EF67D1}.Debug|Any CPU.Build.0 = Debug|Any CPU
		{F046015B-7B06-4F70-B654-F5ED78EF67D1}.Release|Any CPU.ActiveCfg = Release|Any CPU
		{F046015B-7B06-4F70-B654-F5ED78EF67D1}.Release|Any CPU.Build.0 = Release|Any CPU
		{53DE94E1-2FCE-4D95-BB1C-000A5C17BFBF}.Debug|Any CPU.ActiveCfg = Debug|Any CPU
		{53DE94E1-2FCE-4D95-BB1C-000A5C17BFBF}.Debug|Any CPU.Build.0 = Debug|Any CPU
		{53DE94E1-2FCE-4D95-BB1C-000A5C17BFBF}.Release|Any CPU.ActiveCfg = Release|Any CPU
		{53DE94E1-2FCE-4D95-BB1C-000A5C17BFBF}.Release|Any CPU.Build.0 = Release|Any CPU
	EndGlobalSection
	GlobalSection(SolutionProperties) = preSolution
		HideSolutionNode = FALSE
	EndGlobalSection
	GlobalSection(NestedProjects) = preSolution
		{EEAC6EA2-97F3-4533-A03B-EF971E94CA9D} = {FF70A6FB-FAB2-48D8-98A3-AD5C7AD5D2D4}
		{AAC4E1B1-F9F8-4AA8-B2D1-0E1332C6D0FB} = {62EF1284-52DB-4FC2-9B4B-8C639185518E}
		{F046015B-7B06-4F70-B654-F5ED78EF67D1} = {FF70A6FB-FAB2-48D8-98A3-AD5C7AD5D2D4}
		{62EF1284-52DB-4FC2-9B4B-8C639185518E} = {FF70A6FB-FAB2-48D8-98A3-AD5C7AD5D2D4}
		{53DE94E1-2FCE-4D95-BB1C-000A5C17BFBF} = {F0A012B2-2205-467E-A3CF-2FEDA38E3227}
	EndGlobalSection
	GlobalSection(ExtensibilityGlobals) = postSolution
		SolutionGuid = {B2C5330F-3CE1-4655-A750-5C635EFBB483}
	EndGlobalSection
EndGlobal
